
Microsoft Visual Studio Solution File, Format Version 12.00
# Visual Studio Version 16
VisualStudioVersion = 16.0.32929.386
MinimumVisualStudioVersion = 10.0.40219.1
Project("{9A19103F-16F7-4668-BE54-9A1E7A4F7556}") = "WpfApp_Navigation", "WpfApp_Navigation\WpfApp_Navigation.csproj", "{C005D3C0-C542-4143-ADAA-D0AE1E97C02E}"
EndProject
Project("{9A19103F-16F7-4668-BE54-9A1E7A4F7556}") = "MVVMTools", "MVVMTools\MVVMTools.csproj", "{F53EE662-AD22-452A-8BF3-B1CA2630C367}"
EndProject
Global
	GlobalSection(SolutionConfigurationPlatforms) = preSolution
		Debug|Any CPU = Debug|Any CPU
		Release|Any CPU = Release|Any CPU
	EndGlobalSection
	GlobalSection(ProjectConfigurationPlatforms) = postSolution
		{C005D3C0-C542-4143-ADAA-D0AE1E97C02E}.Debug|Any CPU.ActiveCfg = Debug|Any CPU
		{C005D3C0-C542-4143-ADAA-D0AE1E97C02E}.Debug|Any CPU.Build.0 = Debug|Any CPU
		{C005D3C0-C542-4143-ADAA-D0AE1E97C02E}.Release|Any CPU.ActiveCfg = Release|Any CPU
		{C005D3C0-C542-4143-ADAA-D0AE1E97C02E}.Release|Any CPU.Build.0 = Release|Any CPU
		{F53EE662-AD22-452A-8BF3-B1CA2630C367}.Debug|Any CPU.ActiveCfg = Debug|Any CPU
		{F53EE662-AD22-452A-8BF3-B1CA2630C367}.Debug|Any CPU.Build.0 = Debug|Any CPU
		{F53EE662-AD22-452A-8BF3-B1CA2630C367}.Release|Any CPU.ActiveCfg = Release|Any CPU
		{F53EE662-AD22-452A-8BF3-B1CA2630C367}.Release|Any CPU.Build.0 = Release|Any CPU
	EndGlobalSection
	GlobalSection(SolutionProperties) = preSolution
		HideSolutionNode = FALSE
	EndGlobalSection
	GlobalSection(ExtensibilityGlobals) = postSolution
		SolutionGuid = {0BC4DC55-CF90-462E-B2B5-451BAA284EFA}
	EndGlobalSection
EndGlobal
